// !$*UTF8*$!
{
	archiveVersion = 1;
	classes = {
	};
	objectVersion = 46;
	objects = {

/* Begin PBXBuildFile section */
		13F02AED84D969F112B634FE /* Pods_FacebookAuthExample.framework in Frameworks */ = {isa = PBXBuildFile; fileRef = 6B9494C0E843AC8C26C39131 /* Pods_FacebookAuthExample.framework */; };
		3C6D0C6D204D6F1E00D92805 /* AppDelegate.swift in Sources */ = {isa = PBXBuildFile; fileRef = 3C6D0C6C204D6F1E00D92805 /* AppDelegate.swift */; };
		3C6D0C6F204D6F1E00D92805 /* ViewController.swift in Sources */ = {isa = PBXBuildFile; fileRef = 3C6D0C6E204D6F1E00D92805 /* ViewController.swift */; };
		3C6D0C72204D6F1E00D92805 /* Main.storyboard in Resources */ = {isa = PBXBuildFile; fileRef = 3C6D0C70204D6F1E00D92805 /* Main.storyboard */; };
		3C6D0C74204D6F1E00D92805 /* Assets.xcassets in Resources */ = {isa = PBXBuildFile; fileRef = 3C6D0C73204D6F1E00D92805 /* Assets.xcassets */; };
		3C6D0C77204D6F1E00D92805 /* LaunchScreen.storyboard in Resources */ = {isa = PBXBuildFile; fileRef = 3C6D0C75204D6F1E00D92805 /* LaunchScreen.storyboard */; };
		3C6D0C7F204D6F4900D92805 /* Podfile in Resources */ = {isa = PBXBuildFile; fileRef = 3C6D0C7E204D6F4900D92805 /* Podfile */; };
/* End PBXBuildFile section */

/* Begin PBXFileReference section */
		24822C55556277A18C6EC8DB /* Pods-FacebookAuthExample.debug.xcconfig */ = {isa = PBXFileReference; includeInIndex = 1; lastKnownFileType = text.xcconfig; name = "Pods-FacebookAuthExample.debug.xcconfig"; path = "Pods/Target Support Files/Pods-FacebookAuthExample/Pods-FacebookAuthExample.debug.xcconfig"; sourceTree = "<group>"; };
		3C6D0C69204D6F1D00D92805 /* FacebookAuthExample.app */ = {isa = PBXFileReference; explicitFileType = wrapper.application; includeInIndex = 0; path = FacebookAuthExample.app; sourceTree = BUILT_PRODUCTS_DIR; };
		3C6D0C6C204D6F1E00D92805 /* AppDelegate.swift */ = {isa = PBXFileReference; lastKnownFileType = sourcecode.swift; path = AppDelegate.swift; sourceTree = "<group>"; };
		3C6D0C6E204D6F1E00D92805 /* ViewController.swift */ = {isa = PBXFileReference; lastKnownFileType = sourcecode.swift; path = ViewController.swift; sourceTree = "<group>"; };
		3C6D0C71204D6F1E00D92805 /* Base */ = {isa = PBXFileReference; lastKnownFileType = file.storyboard; name = Base; path = Base.lproj/Main.storyboard; sourceTree = "<group>"; };
		3C6D0C73204D6F1E00D92805 /* Assets.xcassets */ = {isa = PBXFileReference; lastKnownFileType = folder.assetcatalog; path = Assets.xcassets; sourceTree = "<group>"; };
		3C6D0C76204D6F1E00D92805 /* Base */ = {isa = PBXFileReference; lastKnownFileType = file.storyboard; name = Base; path = Base.lproj/LaunchScreen.storyboard; sourceTree = "<group>"; };
		3C6D0C78204D6F1E00D92805 /* Info.plist */ = {isa = PBXFileReference; lastKnownFileType = text.plist.xml; path = Info.plist; sourceTree = "<group>"; };
		3C6D0C7E204D6F4900D92805 /* Podfile */ = {isa = PBXFileReference; fileEncoding = 4; lastKnownFileType = text; path = Podfile; sourceTree = "<group>"; };
		6B9494C0E843AC8C26C39131 /* Pods_FacebookAuthExample.framework */ = {isa = PBXFileReference; explicitFileType = wrapper.framework; includeInIndex = 0; path = Pods_FacebookAuthExample.framework; sourceTree = BUILT_PRODUCTS_DIR; };
		ABD7D12F7F5F97C6A1DE810A /* Pods-FacebookAuthExample.release.xcconfig */ = {isa = PBXFileReference; includeInIndex = 1; lastKnownFileType = text.xcconfig; name = "Pods-FacebookAuthExample.release.xcconfig"; path = "Pods/Target Support Files/Pods-FacebookAuthExample/Pods-FacebookAuthExample.release.xcconfig"; sourceTree = "<group>"; };
/* End PBXFileReference section */

/* Begin PBXFrameworksBuildPhase section */
		3C6D0C66204D6F1D00D92805 /* Frameworks */ = {
			isa = PBXFrameworksBuildPhase;
			buildActionMask = 2147483647;
			files = (
				13F02AED84D969F112B634FE /* Pods_FacebookAuthExample.framework in Frameworks */,
			);
			runOnlyForDeploymentPostprocessing = 0;
		};
/* End PBXFrameworksBuildPhase section */

/* Begin PBXGroup section */
		2996BE852CCE633F8A6D5EAD /* Pods */ = {
			isa = PBXGroup;
			children = (
				24822C55556277A18C6EC8DB /* Pods-FacebookAuthExample.debug.xcconfig */,
				ABD7D12F7F5F97C6A1DE810A /* Pods-FacebookAuthExample.release.xcconfig */,
			);
			name = Pods;
			sourceTree = "<group>";
		};
		3C6D0C60204D6F1D00D92805 = {
			isa = PBXGroup;
			children = (
				3C6D0C7E204D6F4900D92805 /* Podfile */,
				3C6D0C6B204D6F1D00D92805 /* FacebookAuthExample */,
				3C6D0C6A204D6F1D00D92805 /* Products */,
				2996BE852CCE633F8A6D5EAD /* Pods */,
				C3EECF0570A2E01FD7C1E4EF /* Frameworks */,
			);
			sourceTree = "<group>";
		};
		3C6D0C6A204D6F1D00D92805 /* Products */ = {
			isa = PBXGroup;
			children = (
				3C6D0C69204D6F1D00D92805 /* FacebookAuthExample.app */,
			);
			name = Products;
			sourceTree = "<group>";
		};
		3C6D0C6B204D6F1D00D92805 /* FacebookAuthExample */ = {
			isa = PBXGroup;
			children = (
				3C6D0C6C204D6F1E00D92805 /* AppDelegate.swift */,
				3C6D0C6E204D6F1E00D92805 /* ViewController.swift */,
				3C6D0C70204D6F1E00D92805 /* Main.storyboard */,
				3C6D0C73204D6F1E00D92805 /* Assets.xcassets */,
				3C6D0C75204D6F1E00D92805 /* LaunchScreen.storyboard */,
				3C6D0C78204D6F1E00D92805 /* Info.plist */,
			);
			path = FacebookAuthExample;
			sourceTree = "<group>";
		};
		C3EECF0570A2E01FD7C1E4EF /* Frameworks */ = {
			isa = PBXGroup;
			children = (
				6B9494C0E843AC8C26C39131 /* Pods_FacebookAuthExample.framework */,
			);
			name = Frameworks;
			sourceTree = "<group>";
		};
/* End PBXGroup section */

/* Begin PBXNativeTarget section */
		3C6D0C68204D6F1D00D92805 /* FacebookAuthExample */ = {
			isa = PBXNativeTarget;
			buildConfigurationList = 3C6D0C7B204D6F1E00D92805 /* Build configuration list for PBXNativeTarget "FacebookAuthExample" */;
			buildPhases = (
				734E5D3762A15BE36865F459 /* [CP] Check Pods Manifest.lock */,
				3C6D0C65204D6F1D00D92805 /* Sources */,
				3C6D0C66204D6F1D00D92805 /* Frameworks */,
				3C6D0C67204D6F1D00D92805 /* Resources */,
				67E66A45CF28779ABCD653F0 /* [CP] Embed Pods Frameworks */,
				1EF6EED793F682E797D854D4 /* [CP] Copy Pods Resources */,
			);
			buildRules = (
			);
			dependencies = (
			);
			name = FacebookAuthExample;
			productName = FacebookAuthExample;
			productReference = 3C6D0C69204D6F1D00D92805 /* FacebookAuthExample.app */;
			productType = "com.apple.product-type.application";
		};
/* End PBXNativeTarget section */

/* Begin PBXProject section */
		3C6D0C61204D6F1D00D92805 /* Project object */ = {
			isa = PBXProject;
			attributes = {
				LastSwiftUpdateCheck = 0800;
				LastUpgradeCheck = 0800;
				ORGANIZATIONNAME = Synergy.com.nl;
				TargetAttributes = {
					3C6D0C68204D6F1D00D92805 = {
						CreatedOnToolsVersion = 8.0;
						DevelopmentTeam = VFC8S3J559;
						ProvisioningStyle = Automatic;
					};
				};
			};
			buildConfigurationList = 3C6D0C64204D6F1D00D92805 /* Build configuration list for PBXProject "FacebookAuthExample" */;
			compatibilityVersion = "Xcode 3.2";
			developmentRegion = English;
			hasScannedForEncodings = 0;
			knownRegions = (
				en,
				Base,
			);
			mainGroup = 3C6D0C60204D6F1D00D92805;
			productRefGroup = 3C6D0C6A204D6F1D00D92805 /* Products */;
			projectDirPath = "";
			projectRoot = "";
			targets = (
				3C6D0C68204D6F1D00D92805 /* FacebookAuthExample */,
			);
		};
/* End PBXProject section */

/* Begin PBXResourcesBuildPhase section */
		3C6D0C67204D6F1D00D92805 /* Resources */ = {
			isa = PBXResourcesBuildPhase;
			buildActionMask = 2147483647;
			files = (
				3C6D0C77204D6F1E00D92805 /* LaunchScreen.storyboard in Resources */,
				3C6D0C74204D6F1E00D92805 /* Assets.xcassets in Resources */,
				3C6D0C7F204D6F4900D92805 /* Podfile in Resources */,
				3C6D0C72204D6F1E00D92805 /* Main.storyboard in Resources */,
			);
			runOnlyForDeploymentPostprocessing = 0;
		};
/* End PBXResourcesBuildPhase section */

/* Begin PBXShellScriptBuildPhase section */
		1EF6EED793F682E797D854D4 /* [CP] Copy Pods Resources */ = {
			isa = PBXShellScriptBuildPhase;
			buildActionMask = 2147483647;
			files = (
			);
			inputPaths = (
			);
			name = "[CP] Copy Pods Resources";
			outputPaths = (
			);
			runOnlyForDeploymentPostprocessing = 0;
			shellPath = /bin/sh;
			shellScript = "\"${SRCROOT}/Pods/Target Support Files/Pods-FacebookAuthExample/Pods-FacebookAuthExample-resources.sh\"\n";
			showEnvVarsInLog = 0;
		};
		67E66A45CF28779ABCD653F0 /* [CP] Embed Pods Frameworks */ = {
			isa = PBXShellScriptBuildPhase;
			buildActionMask = 2147483647;
			files = (
			);
			inputPaths = (
			);
			name = "[CP] Embed Pods Frameworks";
			outputPaths = (
			);
			runOnlyForDeploymentPostprocessing = 0;
			shellPath = /bin/sh;
			shellScript = "\"${SRCROOT}/Pods/Target Support Files/Pods-FacebookAuthExample/Pods-FacebookAuthExample-frameworks.sh\"\n";
			showEnvVarsInLog = 0;
		};
		734E5D3762A15BE36865F459 /* [CP] Check Pods Manifest.lock */ = {
			isa = PBXShellScriptBuildPhase;
			buildActionMask = 2147483647;
			files = (
			);
			inputPaths = (
			);
			name = "[CP] Check Pods Manifest.lock";
			outputPaths = (
			);
			runOnlyForDeploymentPostprocessing = 0;
			shellPath = /bin/sh;
			shellScript = "diff \"${PODS_ROOT}/../Podfile.lock\" \"${PODS_ROOT}/Manifest.lock\" > /dev/null\nif [ $? != 0 ] ; then\n    # print error to STDERR\n    echo \"error: The sandbox is not in sync with the Podfile.lock. Run 'pod install' or update your CocoaPods installation.\" >&2\n    exit 1\nfi\n";
			showEnvVarsInLog = 0;
		};
/* End PBXShellScriptBuildPhase section */

/* Begin PBXSourcesBuildPhase section */
		3C6D0C65204D6F1D00D92805 /* Sources */ = {
			isa = PBXSourcesBuildPhase;
			buildActionMask = 2147483647;
			files = (
				3C6D0C6F204D6F1E00D92805 /* ViewController.swift in Sources */,
				3C6D0C6D204D6F1E00D92805 /* AppDelegate.swift in Sources */,
			);
			runOnlyForDeploymentPostprocessing = 0;
		};
/* End PBXSourcesBuildPhase section */

/* Begin PBXVariantGroup section */
		3C6D0C70204D6F1E00D92805 /* Main.storyboard */ = {
			isa = PBXVariantGroup;
			children = (
				3C6D0C71204D6F1E00D92805 /* Base */,
			);
			name = Main.storyboard;
			sourceTree = "<group>";
		};
		3C6D0C75204D6F1E00D92805 /* LaunchScreen.storyboard */ = {
			isa = PBXVariantGroup;
			children = (
				3C6D0C76204D6F1E00D92805 /* Base */,
			);
			name = LaunchScreen.storyboard;
			sourceTree = "<group>";
		};
/* End PBXVariantGroup section */

/* Begin XCBuildConfiguration section */
		3C6D0C79204D6F1E00D92805 /* Debug */ = {
			isa = XCBuildConfiguration;
			buildSettings = {
				ALWAYS_SEARCH_USER_PATHS = NO;
				CLANG_ANALYZER_NONNULL = YES;
				CLANG_CXX_LANGUAGE_STANDARD = "gnu++0x";
				CLANG_CXX_LIBRARY = "libc++";
				CLANG_ENABLE_MODULES = YES;
				CLANG_ENABLE_OBJC_ARC = YES;
				CLANG_WARN_BOOL_CONVERSION = YES;
				CLANG_WARN_CONSTANT_CONVERSION = YES;
				CLANG_WARN_DIRECT_OBJC_ISA_USAGE = YES_ERROR;
				CLANG_WARN_DOCUMENTATION_COMMENTS = YES;
				CLANG_WARN_EMPTY_BODY = YES;
				CLANG_WARN_ENUM_CONVERSION = YES;
				CLANG_WARN_INFINITE_RECURSION = YES;
				CLANG_WARN_INT_CONVERSION = YES;
				CLANG_WARN_OBJC_ROOT_CLASS = YES_ERROR;
				CLANG_WARN_SUSPICIOUS_MOVES = YES;
				CLANG_WARN_UNREACHABLE_CODE = YES;
				CLANG_WARN__DUPLICATE_METHOD_MATCH = YES;
				"CODE_SIGN_IDENTITY[sdk=iphoneos*]" = "iPhone Developer";
				COPY_PHASE_STRIP = NO;
				DEBUG_INFORMATION_FORMAT = dwarf;
				ENABLE_STRICT_OBJC_MSGSEND = YES;
				ENABLE_TESTABILITY = YES;
				GCC_C_LANGUAGE_STANDARD = gnu99;
				GCC_DYNAMIC_NO_PIC = NO;
				GCC_NO_COMMON_BLOCKS = YES;
				GCC_OPTIMIZATION_LEVEL = 0;
				GCC_PREPROCESSOR_DEFINITIONS = (
					"DEBUG=1",
					"$(inherited)",
				);
				GCC_WARN_64_TO_32_BIT_CONVERSION = YES;
				GCC_WARN_ABOUT_RETURN_TYPE = YES_ERROR;
				GCC_WARN_UNDECLARED_SELECTOR = YES;
				GCC_WARN_UNINITIALIZED_AUTOS = YES_AGGRESSIVE;
				GCC_WARN_UNUSED_FUNCTION = YES;
				GCC_WARN_UNUSED_VARIABLE = YES;
				IPHONEOS_DEPLOYMENT_TARGET = 10.0;
				MTL_ENABLE_DEBUG_INFO = YES;
				ONLY_ACTIVE_ARCH = YES;
				SDKROOT = iphoneos;
				SWIFT_ACTIVE_COMPILATION_CONDITIONS = DEBUG;
				SWIFT_OPTIMIZATION_LEVEL = "-Onone";
			};
			name = Debug;
		};
		3C6D0C7A204D6F1E00D92805 /* Release */ = {
			isa = XCBuildConfiguration;
			buildSettings = {
				ALWAYS_SEARCH_USER_PATHS = NO;
				CLANG_ANALYZER_NONNULL = YES;
				CLANG_CXX_LANGUAGE_STANDARD = "gnu++0x";
				CLANG_CXX_LIBRARY = "libc++";
				CLANG_ENABLE_MODULES = YES;
				CLANG_ENABLE_OBJC_ARC = YES;
				CLANG_WARN_BOOL_CONVERSION = YES;
				CLANG_WARN_CONSTANT_CONVERSION = YES;
				CLANG_WARN_DIRECT_OBJC_ISA_USAGE = YES_ERROR;
				CLANG_WARN_DOCUMENTATION_COMMENTS = YES;
				CLANG_WARN_EMPTY_BODY = YES;
				CLANG_WARN_ENUM_CONVERSION = YES;
				CLANG_WARN_INFINITE_RECURSION = YES;
				CLANG_WARN_INT_CONVERSION = YES;
				CLANG_WARN_OBJC_ROOT_CLASS = YES_ERROR;
				CLANG_WARN_SUSPICIOUS_MOVES = YES;
				CLANG_WARN_UNREACHABLE_CODE = YES;
				CLANG_WARN__DUPLICATE_METHOD_MATCH = YES;
				"CODE_SIGN_IDENTITY[sdk=iphoneos*]" = "iPhone Developer";
				COPY_PHASE_STRIP = NO;
				DEBUG_INFORMATION_FORMAT = "dwarf-with-dsym";
				ENABLE_NS_ASSERTIONS = NO;
				ENABLE_STRICT_OBJC_MSGSEND = YES;
				GCC_C_LANGUAGE_STANDARD = gnu99;
				GCC_NO_COMMON_BLOCKS = YES;
				GCC_WARN_64_TO_32_BIT_CONVERSION = YES;
				GCC_WARN_ABOUT_RETURN_TYPE = YES_ERROR;
				GCC_WARN_UNDECLARED_SELECTOR = YES;
				GCC_WARN_UNINITIALIZED_AUTOS = YES_AGGRESSIVE;
				GCC_WARN_UNUSED_FUNCTION = YES;
				GCC_WARN_UNUSED_VARIABLE = YES;
				IPHONEOS_DEPLOYMENT_TARGET = 10.0;
				MTL_ENABLE_DEBUG_INFO = NO;
				SDKROOT = iphoneos;
				SWIFT_OPTIMIZATION_LEVEL = "-Owholemodule";
				VALIDATE_PRODUCT = YES;
			};
			name = Release;
		};
		3C6D0C7C204D6F1E00D92805 /* Debug */ = {
			isa = XCBuildConfiguration;
			baseConfigurationReference = 24822C55556277A18C6EC8DB /* Pods-FacebookAuthExample.debug.xcconfig */;
			buildSettings = {
				ASSETCATALOG_COMPILER_APPICON_NAME = AppIcon;
				DEVELOPMENT_TEAM = VFC8S3J559;
				INFOPLIST_FILE = FacebookAuthExample/Info.plist;
				LD_RUNPATH_SEARCH_PATHS = "$(inherited) @executable_path/Frameworks";
				PRODUCT_BUNDLE_IDENTIFIER = synergy.FacebookAuthExample;
				PRODUCT_NAME = "$(TARGET_NAME)";
				SWIFT_VERSION = 3.0;
			};
			name = Debug;
		};
		3C6D0C7D204D6F1E00D92805 /* Release */ = {
			isa = XCBuildConfiguration;
			baseConfigurationReference = ABD7D12F7F5F97C6A1DE810A /* Pods-FacebookAuthExample.release.xcconfig */;
			buildSettings = {
				ASSETCATALOG_COMPILER_APPICON_NAME = AppIcon;
				DEVELOPMENT_TEAM = VFC8S3J559;
				INFOPLIST_FILE = FacebookAuthExample/Info.plist;
				LD_RUNPATH_SEARCH_PATHS = "$(inherited) @executable_path/Frameworks";
				PRODUCT_BUNDLE_IDENTIFIER = synergy.FacebookAuthExample;
				PRODUCT_NAME = "$(TARGET_NAME)";
				SWIFT_VERSION = 3.0;
			};
			name = Release;
		};
/* End XCBuildConfiguration section */

/* Begin XCConfigurationList section */
		3C6D0C64204D6F1D00D92805 /* Build configuration list for PBXProject "FacebookAuthExample" */ = {
			isa = XCConfigurationList;
			buildConfigurations = (
				3C6D0C79204D6F1E00D92805 /* Debug */,
				3C6D0C7A204D6F1E00D92805 /* Release */,
			);
			defaultConfigurationIsVisible = 0;
			defaultConfigurationName = Release;
		};
		3C6D0C7B204D6F1E00D92805 /* Build configuration list for PBXNativeTarget "FacebookAuthExample" */ = {
			isa = XCConfigurationList;
			buildConfigurations = (
				3C6D0C7C204D6F1E00D92805 /* Debug */,
				3C6D0C7D204D6F1E00D92805 /* Release */,
			);
			defaultConfigurationIsVisible = 0;
		};
/* End XCConfigurationList section */
	};
	rootObject = 3C6D0C61204D6F1D00D92805 /* Project object */;
}
